
Microsoft Visual Studio Solution File, Format Version 12.00
# Visual Studio Version 17
VisualStudioVersion = 17.14.36705.20 d17.14
MinimumVisualStudioVersion = 10.0.40219.1
Project("{FAE04EC0-301F-11D3-BF4B-00C04F79EFBC}") = "PocketLLM", "PocketLLM.csproj", "{BDD5B57D-E425-4A93-A48D-9DAE3A9AE4C6}"
EndProject
Global
	GlobalSection(SolutionConfigurationPlatforms) = preSolution
		Debug|Any CPU = Debug|Any CPU
		Release|Any CPU = Release|Any CPU
	EndGlobalSection
	GlobalSection(ProjectConfigurationPlatforms) = postSolution
		{BDD5B57D-E425-4A93-A48D-9DAE3A9AE4C6}.Debug|Any CPU.ActiveCfg = Debug|Any CPU
		{BDD5B57D-E425-4A93-A48D-9DAE3A9AE4C6}.Debug|Any CPU.Build.0 = Debug|Any CPU
		{BDD5B57D-E425-4A93-A48D-9DAE3A9AE4C6}.Release|Any CPU.ActiveCfg = Release|Any CPU
		{BDD5B57D-E425-4A93-A48D-9DAE3A9AE4C6}.Release|Any CPU.Build.0 = Release|Any CPU
	EndGlobalSection
	GlobalSection(SolutionProperties) = preSolution
		HideSolutionNode = FALSE
	EndGlobalSection
	GlobalSection(ExtensibilityGlobals) = postSolution
		SolutionGuid = {F851C227-5094-423E-9AEE-F1E331716166}
	EndGlobalSection
EndGlobal
